{
  "name": "Triumph Blog",
  "lockfileVersion": 3,
  "requires": true,
  "packages": {
    "": {
      "devDependencies": {
        "supabase": "^2.107.0"
      }
    },
    "node_modules/supabase": {
      "version": "2.107.0",
      "resolved": "https://registry.npmmirror.com/supabase/-/supabase-2.107.0.tgz",
      "integrity": "sha512-qYAbm3D//buhnY5v4L//IrBQhowN2Jd2kx16hNyOfu0+TVuWVIR1L5WsS/YOk+UJh3Ch5ABmqKebWpwn1p0ysg==",
      "dev": true,
      "license": "MIT",
      "bin": {
        "supabase": "dist/supabase.js"
      },
      "optionalDependencies": {
        "@supabase/cli-darwin-arm64": "2.107.0",
        "@supabase/cli-darwin-x64": "2.107.0",
        "@supabase/cli-linux-arm64": "2.107.0",
        "@supabase/cli-linux-arm64-musl": "2.107.0",
        "@supabase/cli-linux-x64": "2.107.0",
        "@supabase/cli-linux-x64-musl": "2.107.0",
        "@supabase/cli-windows-arm64": "2.107.0",
        "@supabase/cli-windows-x64": "2.107.0"
      }
    },
    "node_modules/supabase/node_modules/@supabase/cli-darwin-arm64": {
      "dev": true,
      "optional": true
    },
    "node_modules/supabase/node_modules/@supabase/cli-darwin-x64": {
      "dev": true,
      "optional": true
    },
    "node_modules/supabase/node_modules/@supabase/cli-linux-arm64": {
      "dev": true,
      "optional": true
    },
    "node_modules/supabase/node_modules/@supabase/cli-linux-arm64-musl": {
      "dev": true,
      "optional": true
    },
    "node_modules/supabase/node_modules/@supabase/cli-linux-x64": {
      "dev": true,
      "optional": true
    },
    "node_modules/supabase/node_modules/@supabase/cli-linux-x64-musl": {
      "dev": true,
      "optional": true
    },
    "node_modules/supabase/node_modules/@supabase/cli-windows-arm64": {
      "dev": true,
      "optional": true
    },
    "node_modules/supabase/node_modules/@supabase/cli-windows-x64": {
      "dev": true,
      "optional": true
    }
  }
}
