{
  "name": "triumph-blog",
  "version": "1.0.0",
  "lockfileVersion": 3,
  "requires": true,
  "packages": {
    "": {
      "name": "triumph-blog",
      "version": "1.0.0",
      "dependencies": {
        "@netlify/identity": "^1.2.0"
      }
    },
    "node_modules/@netlify/identity": {
      "version": "1.2.0",
      "resolved": "https://registry.npmmirror.com/@netlify/identity/-/identity-1.2.0.tgz",
      "integrity": "sha512-m1lW+OUsFVkG3Gyz7Z+V7iClvEj77EL8WtlsPjrBAcPCgXVj20xySVerTekJGSoNzrk1vvHPEyxzGY0HhEA6ZA==",
      "license": "MIT",
      "dependencies": {
        "gotrue-js": "^1.0.1"
      },
      "engines": {
        "node": ">=18.0.0"
      }
    },
    "node_modules/gotrue-js": {
      "version": "1.0.1",
      "resolved": "https://registry.npmmirror.com/gotrue-js/-/gotrue-js-1.0.1.tgz",
      "integrity": "sha512-ZynwwM4bEo2y5yNWO3/Ynbx1AvQz9ONJSM9tB1jpooAvDPevGdvgeFP3NwM59FAlkd0szSkQRAhjINMkJSDfAQ==",
      "license": "MIT"
    }
  }
}
